<?xml version="1.0" encoding="utf-8"?>
<Project ToolsVersion="4.0" xmlns="http://schemas.microsoft.com/developer/msbuild/2003">
  <ItemGroup>
    <Filter Include="Source Files">
      <UniqueIdentifier>{4FC737F1-C7A5-4376-A066-2A32D752A2FF}</UniqueIdentifier>
      <Extensions>cpp;c;cc;cxx;c++;cppm;ixx;def;odl;idl;hpj;bat;asm;asmx</Extensions>
    </Filter>
    <Filter Include="Header Files">
      <UniqueIdentifier>{93995380-89BD-4b04-88EB-625FBE52EBFB}</UniqueIdentifier>
      <Extensions>h;hh;hpp;hxx;h++;hm;inl;inc;ipp;xsd</Extensions>
    </Filter>
    <Filter Include="Resource Files">
      <UniqueIdentifier>{67DA6AB6-F800-4c08-8B7A-83BB121AAD01}</UniqueIdentifier>
      <Extensions>rc;ico;cur;bmp;dlg;rc2;rct;bin;rgs;gif;jpg;jpeg;jpe;resx;tiff;tif;png;wav;mfcribbon-ms</Extensions>
    </Filter>
    <Filter Include="Header Files\SDK">
      <UniqueIdentifier>{c7e26861-45bc-4cf6-b653-c6556b79a92f}</UniqueIdentifier>
    </Filter>
    <Filter Include="Source Files\SDK">
      <UniqueIdentifier>{1d75c401-8712-4020-ba91-efe513da3fdf}</UniqueIdentifier>
    </Filter>
  </ItemGroup>
  <ItemGroup>
    <ClInclude Include="Grounded2Minimal.hpp">
      <Filter>Header Files</Filter>
    </ClInclude>
    <ClInclude Include="SDK\BP_WorldItem_classes.hpp">
      <Filter>Header Files\SDK</Filter>
    </ClInclude>
    <ClInclude Include="SDK\BP_WorldItem_parameters.hpp">
      <Filter>Header Files\SDK</Filter>
    </ClInclude>
    <ClInclude Include="Logging.hpp">
      <Filter>Header Files</Filter>
    </ClInclude>
    <ClInclude Include="UnrealUtils.hpp">
      <Filter>Header Files</Filter>
    </ClInclude>
    <ClInclude Include="SDK.hpp">
      <Filter>Header Files</Filter>
    </ClInclude>
    <ClInclude Include="UnrealContainers.hpp">
      <Filter>Header Files</Filter>
    </ClInclude>
    <ClInclude Include="HookManager.hpp">
      <Filter>Header Files</Filter>
    </ClInclude>
    <ClInclude Include="Command.hpp">
      <Filter>Header Files</Filter>
    </ClInclude>
    <ClInclude Include="CoreUtils.hpp">
      <Filter>Header Files</Filter>
    </ClInclude>
    <ClInclude Include="Interpreter.hpp">
      <Filter>Header Files</Filter>
    </ClInclude>
    <ClInclude Include="UtfN.hpp">
      <Filter>Header Files</Filter>
    </ClInclude>
    <ClInclude Include="SDK\Basic.hpp">
      <Filter>Header Files\SDK</Filter>
    </ClInclude>
    <ClInclude Include="resource.h">
      <Filter>Header Files</Filter>
    </ClInclude>
    <ClInclude Include="ItemSpawner.hpp">
      <Filter>Header Files</Filter>
    </ClInclude>
    <ClInclude Include="SDK\BP_SurvivalGameMode_classes.hpp">
      <Filter>Header Files\SDK</Filter>
    </ClInclude>
    <ClInclude Include="SDK\BP_SurvivalGameMode_parameters.hpp">
      <Filter>Header Files\SDK</Filter>
    </ClInclude>
    <ClInclude Include="CheatManager.hpp">
      <Filter>Header Files</Filter>
    </ClInclude>
    <ClInclude Include="SDK\UI_ChatLog_classes.hpp">
      <Filter>Header Files\SDK</Filter>
    </ClInclude>
    <ClInclude Include="WinGUI.hpp">
      <Filter>Header Files</Filter>
    </ClInclude>
    <ClInclude Include="PlayerCache.hpp">
      <Filter>Header Files</Filter>
    </ClInclude>
  </ItemGroup>
  <ItemGroup>
    <ClCompile Include="dllmain.cpp">
      <Filter>Source Files</Filter>
    </ClCompile>
    <ClCompile Include="Logging.cpp">
      <Filter>Source Files</Filter>
    </ClCompile>
    <ClCompile Include="UnrealUtils.cpp">
      <Filter>Source Files</Filter>
    </ClCompile>
    <ClCompile Include="HookManager.cpp">
      <Filter>Source Files</Filter>
    </ClCompile>
    <ClCompile Include="SDK\Basic.cpp">
      <Filter>Source Files\SDK</Filter>
    </ClCompile>
    <ClCompile Include="SDK\BP_SurvivalGameInstance_functions.cpp">
      <Filter>Source Files\SDK</Filter>
    </ClCompile>
    <ClCompile Include="SDK\BP_SurvivalGameMode_functions.cpp">
      <Filter>Source Files\SDK</Filter>
    </ClCompile>
    <ClCompile Include="SDK\BP_SurvivalGameState_functions.cpp">
      <Filter>Source Files\SDK</Filter>
    </ClCompile>
    <ClCompile Include="SDK\BP_SurvivalPlayerCharacter_functions.cpp">
      <Filter>Source Files\SDK</Filter>
    </ClCompile>
    <ClCompile Include="SDK\BP_SurvivalPlayerController_Augusta_functions.cpp">
      <Filter>Source Files\SDK</Filter>
    </ClCompile>
    <ClCompile Include="SDK\BP_SurvivalPlayerController_functions.cpp">
      <Filter>Source Files\SDK</Filter>
    </ClCompile>
    <ClCompile Include="SDK\BP_SurvivalPlayerState_Augusta_functions.cpp">
      <Filter>Source Files\SDK</Filter>
    </ClCompile>
    <ClCompile Include="SDK\BP_SurvivalPlayerState_functions.cpp">
      <Filter>Source Files\SDK</Filter>
    </ClCompile>
    <ClCompile Include="SDK\BP_WorldItem_functions.cpp">
      <Filter>Source Files\SDK</Filter>
    </ClCompile>
    <ClCompile Include="SDK\Engine_functions.cpp">
      <Filter>Source Files\SDK</Filter>
    </ClCompile>
    <ClCompile Include="SDK\Maine_functions.cpp">
      <Filter>Source Files\SDK</Filter>
    </ClCompile>
    <ClCompile Include="SDK\MaineCommon_functions.cpp">
      <Filter>Source Files\SDK</Filter>
    </ClCompile>
    <ClCompile Include="SDK\CoreUObject_functions.cpp">
      <Filter>Source Files\SDK</Filter>
    </ClCompile>
    <ClCompile Include="Command.cpp">
      <Filter>Source Files</Filter>
    </ClCompile>
    <ClCompile Include="CoreUtils.cpp">
      <Filter>Source Files</Filter>
    </ClCompile>
    <ClCompile Include="Interpreter.cpp">
      <Filter>Source Files</Filter>
    </ClCompile>
    <ClCompile Include="ItemSpawner.cpp">
      <Filter>Source Files</Filter>
    </ClCompile>
    <ClCompile Include="CheatManager.cpp">
      <Filter>Source Files</Filter>
    </ClCompile>
    <ClCompile Include="WinGUI.cpp">
      <Filter>Source Files</Filter>
    </ClCompile>
    <ClCompile Include="PlayerCache.cpp">
      <Filter>Source Files</Filter>
    </ClCompile>
  </ItemGroup>
  <ItemGroup>
    <ResourceCompile Include="Grounded2Minimal.rc">
      <Filter>Resource Files</Filter>
    </ResourceCompile>
  </ItemGroup>
</Project>